// !$*UTF8*$!
{
	archiveVersion = 1;
	classes = {
	};
	objectVersion = 56;
	objects = {

/* Begin PBXBuildFile section */
		B861DF8B2BE39BD7007767CD /* AppDelegate.swift in Sources */ = {isa = PBXBuildFile; fileRef = B861DF8A2BE39BD7007767CD /* AppDelegate.swift */; };
		B861DF8D2BE39BD7007767CD /* SceneDelegate.swift in Sources */ = {isa = PBXBuildFile; fileRef = B861DF8C2BE39BD7007767CD /* SceneDelegate.swift */; };
		B861DF922BE39BD7007767CD /* Base in Resources */ = {isa = PBXBuildFile; fileRef = B861DF912BE39BD7007767CD /* Base */; };
		B861DF942BE39BD8007767CD /* Assets.xcassets in Resources */ = {isa = PBXBuildFile; fileRef = B861DF932BE39BD8007767CD /* Assets.xcassets */; };
		B861DF972BE39BD8007767CD /* Base in Resources */ = {isa = PBXBuildFile; fileRef = B861DF962BE39BD8007767CD /* Base */; };
		B861DF9F2BE39C10007767CD /* MyTodosViewController.swift in Sources */ = {isa = PBXBuildFile; fileRef = B861DF9E2BE39C10007767CD /* MyTodosViewController.swift */; };
		B861DFA12BE3A032007767CD /* TodoListViewController.swift in Sources */ = {isa = PBXBuildFile; fileRef = B861DFA02BE3A032007767CD /* TodoListViewController.swift */; };
		B8A456F32BE7A1EC0024BF92 /* TodoListCell.xib in Resources */ = {isa = PBXBuildFile; fileRef = B8A456F22BE7A1EC0024BF92 /* TodoListCell.xib */; };
		B8A456F42BE7A1EC0024BF92 /* TodoListCell.swift in Sources */ = {isa = PBXBuildFile; fileRef = B8A456F12BE7A1EC0024BF92 /* TodoListCell.swift */; };
		B8A456F82BE7B2740024BF92 /* TodoListItemCell.xib in Resources */ = {isa = PBXBuildFile; fileRef = B8A456F72BE7B2740024BF92 /* TodoListItemCell.xib */; };
		B8A456F92BE7B2740024BF92 /* TodoListItemCell.swift in Sources */ = {isa = PBXBuildFile; fileRef = B8A456F62BE7B2740024BF92 /* TodoListItemCell.swift */; };
		B8A457082BE96E790024BF92 /* AddListViewController.swift in Sources */ = {isa = PBXBuildFile; fileRef = B8A457072BE96E790024BF92 /* AddListViewController.swift */; };
		B8A4570C2BEBBD100024BF92 /* AddTodoListColorPickerCell.swift in Sources */ = {isa = PBXBuildFile; fileRef = B8A4570A2BEBBD100024BF92 /* AddTodoListColorPickerCell.swift */; };
		B8A4570D2BEBBD100024BF92 /* AddTodoListColorPickerCell.xib in Resources */ = {isa = PBXBuildFile; fileRef = B8A4570B2BEBBD100024BF92 /* AddTodoListColorPickerCell.xib */; };
		B8A457112BEBC3370024BF92 /* ColorOptionCell.swift in Sources */ = {isa = PBXBuildFile; fileRef = B8A4570F2BEBC3370024BF92 /* ColorOptionCell.swift */; };
		B8A457122BEBC3370024BF92 /* ColorOptionCell.xib in Resources */ = {isa = PBXBuildFile; fileRef = B8A457102BEBC3370024BF92 /* ColorOptionCell.xib */; };
		B8FAED052BED571C003FDE0F /* AddTodoListIconPickerCell.swift in Sources */ = {isa = PBXBuildFile; fileRef = B8FAED032BED571C003FDE0F /* AddTodoListIconPickerCell.swift */; };
		B8FAED062BED571C003FDE0F /* AddTodoListIconPickerCell.xib in Resources */ = {isa = PBXBuildFile; fileRef = B8FAED042BED571C003FDE0F /* AddTodoListIconPickerCell.xib */; };
		B8FAED0A2BED5A17003FDE0F /* IconOptionCell.swift in Sources */ = {isa = PBXBuildFile; fileRef = B8FAED082BED5A17003FDE0F /* IconOptionCell.swift */; };
		B8FAED0B2BED5A17003FDE0F /* IconOptionCell.xib in Resources */ = {isa = PBXBuildFile; fileRef = B8FAED092BED5A17003FDE0F /* IconOptionCell.xib */; };
		B8FAED0E2BED651E003FDE0F /* UIColor+hex.swift in Sources */ = {isa = PBXBuildFile; fileRef = B8FAED0D2BED651E003FDE0F /* UIColor+hex.swift */; };
		B8FAED112BF291C9003FDE0F /* UIView+CornerRadius.swift in Sources */ = {isa = PBXBuildFile; fileRef = B8FAED102BF291C9003FDE0F /* UIView+CornerRadius.swift */; };
		B8FDBEB02C05C9FA00CAA275 /* TodoListRepository.swift in Sources */ = {isa = PBXBuildFile; fileRef = B8FDBEAF2C05C9FA00CAA275 /* TodoListRepository.swift */; };
		B8FDBEB72C0CE57900CAA275 /* MyTodosViewModel.swift in Sources */ = {isa = PBXBuildFile; fileRef = B8FDBEB62C0CE57900CAA275 /* MyTodosViewModel.swift */; };
		B8FDBEB92C0D200B00CAA275 /* TodoListDTO.swift in Sources */ = {isa = PBXBuildFile; fileRef = B8FDBEB82C0D200B00CAA275 /* TodoListDTO.swift */; };
		B8FDBEBC2C0E58D600CAA275 /* TodoList.swift in Sources */ = {isa = PBXBuildFile; fileRef = B8FDBEBB2C0E58D600CAA275 /* TodoList.swift */; };
/* End PBXBuildFile section */

/* Begin PBXFileReference section */
		B861DF872BE39BD7007767CD /* TodosTV1.app */ = {isa = PBXFileReference; explicitFileType = wrapper.application; includeInIndex = 0; path = TodosTV1.app; sourceTree = BUILT_PRODUCTS_DIR; };
		B861DF8A2BE39BD7007767CD /* AppDelegate.swift */ = {isa = PBXFileReference; lastKnownFileType = sourcecode.swift; path = AppDelegate.swift; sourceTree = "<group>"; };
		B861DF8C2BE39BD7007767CD /* SceneDelegate.swift */ = {isa = PBXFileReference; lastKnownFileType = sourcecode.swift; path = SceneDelegate.swift; sourceTree = "<group>"; };
		B861DF912BE39BD7007767CD /* Base */ = {isa = PBXFileReference; lastKnownFileType = file.storyboard; name = Base; path = Base.lproj/Main.storyboard; sourceTree = "<group>"; };
		B861DF932BE39BD8007767CD /* Assets.xcassets */ = {isa = PBXFileReference; lastKnownFileType = folder.assetcatalog; path = Assets.xcassets; sourceTree = "<group>"; };
		B861DF962BE39BD8007767CD /* Base */ = {isa = PBXFileReference; lastKnownFileType = file.storyboard; name = Base; path = Base.lproj/LaunchScreen.storyboard; sourceTree = "<group>"; };
		B861DF982BE39BD8007767CD /* Info.plist */ = {isa = PBXFileReference; lastKnownFileType = text.plist.xml; path = Info.plist; sourceTree = "<group>"; };
		B861DF9E2BE39C10007767CD /* MyTodosViewController.swift */ = {isa = PBXFileReference; lastKnownFileType = sourcecode.swift; path = MyTodosViewController.swift; sourceTree = "<group>"; };
		B861DFA02BE3A032007767CD /* TodoListViewController.swift */ = {isa = PBXFileReference; lastKnownFileType = sourcecode.swift; path = TodoListViewController.swift; sourceTree = "<group>"; };
		B8A456F12BE7A1EC0024BF92 /* TodoListCell.swift */ = {isa = PBXFileReference; lastKnownFileType = sourcecode.swift; path = TodoListCell.swift; sourceTree = "<group>"; };
		B8A456F22BE7A1EC0024BF92 /* TodoListCell.xib */ = {isa = PBXFileReference; lastKnownFileType = file.xib; path = TodoListCell.xib; sourceTree = "<group>"; };
		B8A456F62BE7B2740024BF92 /* TodoListItemCell.swift */ = {isa = PBXFileReference; lastKnownFileType = sourcecode.swift; path = TodoListItemCell.swift; sourceTree = "<group>"; };
		B8A456F72BE7B2740024BF92 /* TodoListItemCell.xib */ = {isa = PBXFileReference; lastKnownFileType = file.xib; path = TodoListItemCell.xib; sourceTree = "<group>"; };
		B8A457072BE96E790024BF92 /* AddListViewController.swift */ = {isa = PBXFileReference; lastKnownFileType = sourcecode.swift; path = AddListViewController.swift; sourceTree = "<group>"; };
		B8A4570A2BEBBD100024BF92 /* AddTodoListColorPickerCell.swift */ = {isa = PBXFileReference; lastKnownFileType = sourcecode.swift; path = AddTodoListColorPickerCell.swift; sourceTree = "<group>"; };
		B8A4570B2BEBBD100024BF92 /* AddTodoListColorPickerCell.xib */ = {isa = PBXFileReference; lastKnownFileType = file.xib; path = AddTodoListColorPickerCell.xib; sourceTree = "<group>"; };
		B8A4570F2BEBC3370024BF92 /* ColorOptionCell.swift */ = {isa = PBXFileReference; lastKnownFileType = sourcecode.swift; path = ColorOptionCell.swift; sourceTree = "<group>"; };
		B8A457102BEBC3370024BF92 /* ColorOptionCell.xib */ = {isa = PBXFileReference; lastKnownFileType = file.xib; path = ColorOptionCell.xib; sourceTree = "<group>"; };
		B8FAED032BED571C003FDE0F /* AddTodoListIconPickerCell.swift */ = {isa = PBXFileReference; lastKnownFileType = sourcecode.swift; path = AddTodoListIconPickerCell.swift; sourceTree = "<group>"; };
		B8FAED042BED571C003FDE0F /* AddTodoListIconPickerCell.xib */ = {isa = PBXFileReference; lastKnownFileType = file.xib; path = AddTodoListIconPickerCell.xib; sourceTree = "<group>"; };
		B8FAED082BED5A17003FDE0F /* IconOptionCell.swift */ = {isa = PBXFileReference; lastKnownFileType = sourcecode.swift; path = IconOptionCell.swift; sourceTree = "<group>"; };
		B8FAED092BED5A17003FDE0F /* IconOptionCell.xib */ = {isa = PBXFileReference; lastKnownFileType = file.xib; path = IconOptionCell.xib; sourceTree = "<group>"; };
		B8FAED0D2BED651E003FDE0F /* UIColor+hex.swift */ = {isa = PBXFileReference; lastKnownFileType = sourcecode.swift; path = "UIColor+hex.swift"; sourceTree = "<group>"; };
		B8FAED102BF291C9003FDE0F /* UIView+CornerRadius.swift */ = {isa = PBXFileReference; lastKnownFileType = sourcecode.swift; path = "UIView+CornerRadius.swift"; sourceTree = "<group>"; };
		B8FDBEAF2C05C9FA00CAA275 /* TodoListRepository.swift */ = {isa = PBXFileReference; lastKnownFileType = sourcecode.swift; path = TodoListRepository.swift; sourceTree = "<group>"; };
		B8FDBEB62C0CE57900CAA275 /* MyTodosViewModel.swift */ = {isa = PBXFileReference; lastKnownFileType = sourcecode.swift; path = MyTodosViewModel.swift; sourceTree = "<group>"; };
		B8FDBEB82C0D200B00CAA275 /* TodoListDTO.swift */ = {isa = PBXFileReference; lastKnownFileType = sourcecode.swift; path = TodoListDTO.swift; sourceTree = "<group>"; };
		B8FDBEBB2C0E58D600CAA275 /* TodoList.swift */ = {isa = PBXFileReference; lastKnownFileType = sourcecode.swift; path = TodoList.swift; sourceTree = "<group>"; };
/* End PBXFileReference section */

/* Begin PBXFrameworksBuildPhase section */
		B861DF842BE39BD7007767CD /* Frameworks */ = {
			isa = PBXFrameworksBuildPhase;
			buildActionMask = 2147483647;
			files = (
			);
			runOnlyForDeploymentPostprocessing = 0;
		};
/* End PBXFrameworksBuildPhase section */

/* Begin PBXGroup section */
		B861DF7E2BE39BD7007767CD = {
			isa = PBXGroup;
			children = (
				B861DF892BE39BD7007767CD /* TodosTV1 */,
				B861DF882BE39BD7007767CD /* Products */,
			);
			sourceTree = "<group>";
		};
		B861DF882BE39BD7007767CD /* Products */ = {
			isa = PBXGroup;
			children = (
				B861DF872BE39BD7007767CD /* TodosTV1.app */,
			);
			name = Products;
			sourceTree = "<group>";
		};
		B861DF892BE39BD7007767CD /* TodosTV1 */ = {
			isa = PBXGroup;
			children = (
				B8FDBEBA2C0E58C000CAA275 /* Model */,
				B8FDBEAE2C05C9C500CAA275 /* Networking */,
				B8FAED0C2BED5F8F003FDE0F /* Util */,
				B8A457062BE96E490024BF92 /* AddList */,
				B8A457052BE9693E0024BF92 /* TodoList */,
				B8A457042BE968D20024BF92 /* MyTodos */,
				B861DF8A2BE39BD7007767CD /* AppDelegate.swift */,
				B861DF8C2BE39BD7007767CD /* SceneDelegate.swift */,
				B861DF902BE39BD7007767CD /* Main.storyboard */,
				B861DF932BE39BD8007767CD /* Assets.xcassets */,
				B861DF952BE39BD8007767CD /* LaunchScreen.storyboard */,
				B861DF982BE39BD8007767CD /* Info.plist */,
			);
			path = TodosTV1;
			sourceTree = "<group>";
		};
		B8A456F02BE7A1730024BF92 /* TodoListCell */ = {
			isa = PBXGroup;
			children = (
				B8A456F12BE7A1EC0024BF92 /* TodoListCell.swift */,
				B8A456F22BE7A1EC0024BF92 /* TodoListCell.xib */,
			);
			path = TodoListCell;
			sourceTree = "<group>";
		};
		B8A456F52BE7B2220024BF92 /* TodoListItemCell */ = {
			isa = PBXGroup;
			children = (
				B8A456F62BE7B2740024BF92 /* TodoListItemCell.swift */,
				B8A456F72BE7B2740024BF92 /* TodoListItemCell.xib */,
			);
			path = TodoListItemCell;
			sourceTree = "<group>";
		};
		B8A457042BE968D20024BF92 /* MyTodos */ = {
			isa = PBXGroup;
			children = (
				B8A456F02BE7A1730024BF92 /* TodoListCell */,
				B861DF9E2BE39C10007767CD /* MyTodosViewController.swift */,
				B8FDBEB62C0CE57900CAA275 /* MyTodosViewModel.swift */,
			);
			path = MyTodos;
			sourceTree = "<group>";
		};
		B8A457052BE9693E0024BF92 /* TodoList */ = {
			isa = PBXGroup;
			children = (
				B8A456F52BE7B2220024BF92 /* TodoListItemCell */,
				B861DFA02BE3A032007767CD /* TodoListViewController.swift */,
			);
			path = TodoList;
			sourceTree = "<group>";
		};
		B8A457062BE96E490024BF92 /* AddList */ = {
			isa = PBXGroup;
			children = (
				B8FAED022BED56A5003FDE0F /* AddTodoListIconPickerCell */,
				B8A457092BEBBCA90024BF92 /* AddTodoListColorPickerCell */,
				B8A457072BE96E790024BF92 /* AddListViewController.swift */,
			);
			path = AddList;
			sourceTree = "<group>";
		};
		B8A457092BEBBCA90024BF92 /* AddTodoListColorPickerCell */ = {
			isa = PBXGroup;
			children = (
				B8A4570E2BEBC2F40024BF92 /* ColorOptionCell */,
				B8A4570A2BEBBD100024BF92 /* AddTodoListColorPickerCell.swift */,
				B8A4570B2BEBBD100024BF92 /* AddTodoListColorPickerCell.xib */,
			);
			path = AddTodoListColorPickerCell;
			sourceTree = "<group>";
		};
		B8A4570E2BEBC2F40024BF92 /* ColorOptionCell */ = {
			isa = PBXGroup;
			children = (
				B8A4570F2BEBC3370024BF92 /* ColorOptionCell.swift */,
				B8A457102BEBC3370024BF92 /* ColorOptionCell.xib */,
			);
			path = ColorOptionCell;
			sourceTree = "<group>";
		};
		B8FAED022BED56A5003FDE0F /* AddTodoListIconPickerCell */ = {
			isa = PBXGroup;
			children = (
				B8FAED072BED5957003FDE0F /* IconOptionCell */,
				B8FAED032BED571C003FDE0F /* AddTodoListIconPickerCell.swift */,
				B8FAED042BED571C003FDE0F /* AddTodoListIconPickerCell.xib */,
			);
			path = AddTodoListIconPickerCell;
			sourceTree = "<group>";
		};
		B8FAED072BED5957003FDE0F /* IconOptionCell */ = {
			isa = PBXGroup;
			children = (
				B8FAED082BED5A17003FDE0F /* IconOptionCell.swift */,
				B8FAED092BED5A17003FDE0F /* IconOptionCell.xib */,
			);
			path = IconOptionCell;
			sourceTree = "<group>";
		};
		B8FAED0C2BED5F8F003FDE0F /* Util */ = {
			isa = PBXGroup;
			children = (
				B8FAED0D2BED651E003FDE0F /* UIColor+hex.swift */,
				B8FAED102BF291C9003FDE0F /* UIView+CornerRadius.swift */,
			);
			path = Util;
			sourceTree = "<group>";
		};
		B8FDBEAE2C05C9C500CAA275 /* Networking */ = {
			isa = PBXGroup;
			children = (
				B8FDBEAF2C05C9FA00CAA275 /* TodoListRepository.swift */,
				B8FDBEB82C0D200B00CAA275 /* TodoListDTO.swift */,
			);
			path = Networking;
			sourceTree = "<group>";
		};
		B8FDBEBA2C0E58C000CAA275 /* Model */ = {
			isa = PBXGroup;
			children = (
				B8FDBEBB2C0E58D600CAA275 /* TodoList.swift */,
			);
			path = Model;
			sourceTree = "<group>";
		};
/* End PBXGroup section */

/* Begin PBXNativeTarget section */
		B861DF862BE39BD7007767CD /* TodosTV1 */ = {
			isa = PBXNativeTarget;
			buildConfigurationList = B861DF9B2BE39BD8007767CD /* Build configuration list for PBXNativeTarget "TodosTV1" */;
			buildPhases = (
				B861DF832BE39BD7007767CD /* Sources */,
				B861DF842BE39BD7007767CD /* Frameworks */,
				B861DF852BE39BD7007767CD /* Resources */,
			);
			buildRules = (
			);
			dependencies = (
			);
			name = TodosTV1;
			productName = TodosTV1;
			productReference = B861DF872BE39BD7007767CD /* TodosTV1.app */;
			productType = "com.apple.product-type.application";
		};
/* End PBXNativeTarget section */

/* Begin PBXProject section */
		B861DF7F2BE39BD7007767CD /* Project object */ = {
			isa = PBXProject;
			attributes = {
				BuildIndependentTargetsInParallel = 1;
				LastSwiftUpdateCheck = 1530;
				LastUpgradeCheck = 1530;
				TargetAttributes = {
					B861DF862BE39BD7007767CD = {
						CreatedOnToolsVersion = 15.3;
					};
				};
			};
			buildConfigurationList = B861DF822BE39BD7007767CD /* Build configuration list for PBXProject "TodosTV1" */;
			compatibilityVersion = "Xcode 14.0";
			developmentRegion = en;
			hasScannedForEncodings = 0;
			knownRegions = (
				en,
				Base,
			);
			mainGroup = B861DF7E2BE39BD7007767CD;
			productRefGroup = B861DF882BE39BD7007767CD /* Products */;
			projectDirPath = "";
			projectRoot = "";
			targets = (
				B861DF862BE39BD7007767CD /* TodosTV1 */,
			);
		};
/* End PBXProject section */

/* Begin PBXResourcesBuildPhase section */
		B861DF852BE39BD7007767CD /* Resources */ = {
			isa = PBXResourcesBuildPhase;
			buildActionMask = 2147483647;
			files = (
				B8FAED062BED571C003FDE0F /* AddTodoListIconPickerCell.xib in Resources */,
				B8A457122BEBC3370024BF92 /* ColorOptionCell.xib in Resources */,
				B861DF942BE39BD8007767CD /* Assets.xcassets in Resources */,
				B861DF972BE39BD8007767CD /* Base in Resources */,
				B8FAED0B2BED5A17003FDE0F /* IconOptionCell.xib in Resources */,
				B861DF922BE39BD7007767CD /* Base in Resources */,
				B8A4570D2BEBBD100024BF92 /* AddTodoListColorPickerCell.xib in Resources */,
				B8A456F82BE7B2740024BF92 /* TodoListItemCell.xib in Resources */,
				B8A456F32BE7A1EC0024BF92 /* TodoListCell.xib in Resources */,
			);
			runOnlyForDeploymentPostprocessing = 0;
		};
/* End PBXResourcesBuildPhase section */

/* Begin PBXSourcesBuildPhase section */
		B861DF832BE39BD7007767CD /* Sources */ = {
			isa = PBXSourcesBuildPhase;
			buildActionMask = 2147483647;
			files = (
				B8FAED052BED571C003FDE0F /* AddTodoListIconPickerCell.swift in Sources */,
				B8FDBEB02C05C9FA00CAA275 /* TodoListRepository.swift in Sources */,
				B8FDBEBC2C0E58D600CAA275 /* TodoList.swift in Sources */,
				B861DFA12BE3A032007767CD /* TodoListViewController.swift in Sources */,
				B8A456F42BE7A1EC0024BF92 /* TodoListCell.swift in Sources */,
				B8A457112BEBC3370024BF92 /* ColorOptionCell.swift in Sources */,
				B8FDBEB92C0D200B00CAA275 /* TodoListDTO.swift in Sources */,
				B8A457082BE96E790024BF92 /* AddListViewController.swift in Sources */,
				B8A456F92BE7B2740024BF92 /* TodoListItemCell.swift in Sources */,
				B861DF9F2BE39C10007767CD /* MyTodosViewController.swift in Sources */,
				B861DF8B2BE39BD7007767CD /* AppDelegate.swift in Sources */,
				B8A4570C2BEBBD100024BF92 /* AddTodoListColorPickerCell.swift in Sources */,
				B8FAED0E2BED651E003FDE0F /* UIColor+hex.swift in Sources */,
				B861DF8D2BE39BD7007767CD /* SceneDelegate.swift in Sources */,
				B8FAED112BF291C9003FDE0F /* UIView+CornerRadius.swift in Sources */,
				B8FDBEB72C0CE57900CAA275 /* MyTodosViewModel.swift in Sources */,
				B8FAED0A2BED5A17003FDE0F /* IconOptionCell.swift in Sources */,
			);
			runOnlyForDeploymentPostprocessing = 0;
		};
/* End PBXSourcesBuildPhase section */

/* Begin PBXVariantGroup section */
		B861DF902BE39BD7007767CD /* Main.storyboard */ = {
			isa = PBXVariantGroup;
			children = (
				B861DF912BE39BD7007767CD /* Base */,
			);
			name = Main.storyboard;
			sourceTree = "<group>";
		};
		B861DF952BE39BD8007767CD /* LaunchScreen.storyboard */ = {
			isa = PBXVariantGroup;
			children = (
				B861DF962BE39BD8007767CD /* Base */,
			);
			name = LaunchScreen.storyboard;
			sourceTree = "<group>";
		};
/* End PBXVariantGroup section */

/* Begin XCBuildConfiguration section */
		B861DF992BE39BD8007767CD /* Debug */ = {
			isa = XCBuildConfiguration;
			buildSettings = {
				ALWAYS_SEARCH_USER_PATHS = NO;
				ASSETCATALOG_COMPILER_GENERATE_SWIFT_ASSET_SYMBOL_EXTENSIONS = YES;
				CLANG_ANALYZER_NONNULL = YES;
				CLANG_ANALYZER_NUMBER_OBJECT_CONVERSION = YES_AGGRESSIVE;
				CLANG_CXX_LANGUAGE_STANDARD = "gnu++20";
				CLANG_ENABLE_MODULES = YES;
				CLANG_ENABLE_OBJC_ARC = YES;
				CLANG_ENABLE_OBJC_WEAK = YES;
				CLANG_WARN_BLOCK_CAPTURE_AUTORELEASING = YES;
				CLANG_WARN_BOOL_CONVERSION = YES;
				CLANG_WARN_COMMA = YES;
				CLANG_WARN_CONSTANT_CONVERSION = YES;
				CLANG_WARN_DEPRECATED_OBJC_IMPLEMENTATIONS = YES;
				CLANG_WARN_DIRECT_OBJC_ISA_USAGE = YES_ERROR;
				CLANG_WARN_DOCUMENTATION_COMMENTS = YES;
				CLANG_WARN_EMPTY_BODY = YES;
				CLANG_WARN_ENUM_CONVERSION = YES;
				CLANG_WARN_INFINITE_RECURSION = YES;
				CLANG_WARN_INT_CONVERSION = YES;
				CLANG_WARN_NON_LITERAL_NULL_CONVERSION = YES;
				CLANG_WARN_OBJC_IMPLICIT_RETAIN_SELF = YES;
				CLANG_WARN_OBJC_LITERAL_CONVERSION = YES;
				CLANG_WARN_OBJC_ROOT_CLASS = YES_ERROR;
				CLANG_WARN_QUOTED_INCLUDE_IN_FRAMEWORK_HEADER = YES;
				CLANG_WARN_RANGE_LOOP_ANALYSIS = YES;
				CLANG_WARN_STRICT_PROTOTYPES = YES;
				CLANG_WARN_SUSPICIOUS_MOVE = YES;
				CLANG_WARN_UNGUARDED_AVAILABILITY = YES_AGGRESSIVE;
				CLANG_WARN_UNREACHABLE_CODE = YES;
				CLANG_WARN__DUPLICATE_METHOD_MATCH = YES;
				COPY_PHASE_STRIP = NO;
				DEBUG_INFORMATION_FORMAT = dwarf;
				ENABLE_STRICT_OBJC_MSGSEND = YES;
				ENABLE_TESTABILITY = YES;
				ENABLE_USER_SCRIPT_SANDBOXING = YES;
				GCC_C_LANGUAGE_STANDARD = gnu17;
				GCC_DYNAMIC_NO_PIC = NO;
				GCC_NO_COMMON_BLOCKS = YES;
				GCC_OPTIMIZATION_LEVEL = 0;
				GCC_PREPROCESSOR_DEFINITIONS = (
					"DEBUG=1",
					"$(inherited)",
				);
				GCC_WARN_64_TO_32_BIT_CONVERSION = YES;
				GCC_WARN_ABOUT_RETURN_TYPE = YES_ERROR;
				GCC_WARN_UNDECLARED_SELECTOR = YES;
				GCC_WARN_UNINITIALIZED_AUTOS = YES_AGGRESSIVE;
				GCC_WARN_UNUSED_FUNCTION = YES;
				GCC_WARN_UNUSED_VARIABLE = YES;
				IPHONEOS_DEPLOYMENT_TARGET = 17.4;
				LOCALIZATION_PREFERS_STRING_CATALOGS = YES;
				MTL_ENABLE_DEBUG_INFO = INCLUDE_SOURCE;
				MTL_FAST_MATH = YES;
				ONLY_ACTIVE_ARCH = YES;
				SDKROOT = iphoneos;
				SWIFT_ACTIVE_COMPILATION_CONDITIONS = "DEBUG $(inherited)";
				SWIFT_OPTIMIZATION_LEVEL = "-Onone";
			};
			name = Debug;
		};
		B861DF9A2BE39BD8007767CD /* Release */ = {
			isa = XCBuildConfiguration;
			buildSettings = {
				ALWAYS_SEARCH_USER_PATHS = NO;
				ASSETCATALOG_COMPILER_GENERATE_SWIFT_ASSET_SYMBOL_EXTENSIONS = YES;
				CLANG_ANALYZER_NONNULL = YES;
				CLANG_ANALYZER_NUMBER_OBJECT_CONVERSION = YES_AGGRESSIVE;
				CLANG_CXX_LANGUAGE_STANDARD = "gnu++20";
				CLANG_ENABLE_MODULES = YES;
				CLANG_ENABLE_OBJC_ARC = YES;
				CLANG_ENABLE_OBJC_WEAK = YES;
				CLANG_WARN_BLOCK_CAPTURE_AUTORELEASING = YES;
				CLANG_WARN_BOOL_CONVERSION = YES;
				CLANG_WARN_COMMA = YES;
				CLANG_WARN_CONSTANT_CONVERSION = YES;
				CLANG_WARN_DEPRECATED_OBJC_IMPLEMENTATIONS = YES;
				CLANG_WARN_DIRECT_OBJC_ISA_USAGE = YES_ERROR;
				CLANG_WARN_DOCUMENTATION_COMMENTS = YES;
				CLANG_WARN_EMPTY_BODY = YES;
				CLANG_WARN_ENUM_CONVERSION = YES;
				CLANG_WARN_INFINITE_RECURSION = YES;
				CLANG_WARN_INT_CONVERSION = YES;
				CLANG_WARN_NON_LITERAL_NULL_CONVERSION = YES;
				CLANG_WARN_OBJC_IMPLICIT_RETAIN_SELF = YES;
				CLANG_WARN_OBJC_LITERAL_CONVERSION = YES;
				CLANG_WARN_OBJC_ROOT_CLASS = YES_ERROR;
				CLANG_WARN_QUOTED_INCLUDE_IN_FRAMEWORK_HEADER = YES;
				CLANG_WARN_RANGE_LOOP_ANALYSIS = YES;
				CLANG_WARN_STRICT_PROTOTYPES = YES;
				CLANG_WARN_SUSPICIOUS_MOVE = YES;
				CLANG_WARN_UNGUARDED_AVAILABILITY = YES_AGGRESSIVE;
				CLANG_WARN_UNREACHABLE_CODE = YES;
				CLANG_WARN__DUPLICATE_METHOD_MATCH = YES;
				COPY_PHASE_STRIP = NO;
				DEBUG_INFORMATION_FORMAT = "dwarf-with-dsym";
				ENABLE_NS_ASSERTIONS = NO;
				ENABLE_STRICT_OBJC_MSGSEND = YES;
				ENABLE_USER_SCRIPT_SANDBOXING = YES;
				GCC_C_LANGUAGE_STANDARD = gnu17;
				GCC_NO_COMMON_BLOCKS = YES;
				GCC_WARN_64_TO_32_BIT_CONVERSION = YES;
				GCC_WARN_ABOUT_RETURN_TYPE = YES_ERROR;
				GCC_WARN_UNDECLARED_SELECTOR = YES;
				GCC_WARN_UNINITIALIZED_AUTOS = YES_AGGRESSIVE;
				GCC_WARN_UNUSED_FUNCTION = YES;
				GCC_WARN_UNUSED_VARIABLE = YES;
				IPHONEOS_DEPLOYMENT_TARGET = 17.4;
				LOCALIZATION_PREFERS_STRING_CATALOGS = YES;
				MTL_ENABLE_DEBUG_INFO = NO;
				MTL_FAST_MATH = YES;
				SDKROOT = iphoneos;
				SWIFT_COMPILATION_MODE = wholemodule;
				VALIDATE_PRODUCT = YES;
			};
			name = Release;
		};
		B861DF9C2BE39BD8007767CD /* Debug */ = {
			isa = XCBuildConfiguration;
			buildSettings = {
				ASSETCATALOG_COMPILER_APPICON_NAME = AppIcon;
				ASSETCATALOG_COMPILER_GLOBAL_ACCENT_COLOR_NAME = AccentColor;
				CODE_SIGN_STYLE = Automatic;
				CURRENT_PROJECT_VERSION = 1;
				GENERATE_INFOPLIST_FILE = YES;
				INFOPLIST_FILE = TodosTV1/Info.plist;
				INFOPLIST_KEY_UIApplicationSupportsIndirectInputEvents = YES;
				INFOPLIST_KEY_UILaunchStoryboardName = LaunchScreen;
				INFOPLIST_KEY_UIMainStoryboardFile = Main;
				INFOPLIST_KEY_UISupportedInterfaceOrientations_iPad = "UIInterfaceOrientationPortrait UIInterfaceOrientationPortraitUpsideDown UIInterfaceOrientationLandscapeLeft UIInterfaceOrientationLandscapeRight";
				INFOPLIST_KEY_UISupportedInterfaceOrientations_iPhone = "UIInterfaceOrientationPortrait UIInterfaceOrientationLandscapeLeft UIInterfaceOrientationLandscapeRight";
				LD_RUNPATH_SEARCH_PATHS = (
					"$(inherited)",
					"@executable_path/Frameworks",
				);
				MARKETING_VERSION = 1.0;
				PRODUCT_BUNDLE_IDENTIFIER = com.tvechorkofedora.TodosTV1;
				PRODUCT_NAME = "$(TARGET_NAME)";
				SWIFT_EMIT_LOC_STRINGS = YES;
				SWIFT_VERSION = 5.0;
				TARGETED_DEVICE_FAMILY = "1,2";
			};
			name = Debug;
		};
		B861DF9D2BE39BD8007767CD /* Release */ = {
			isa = XCBuildConfiguration;
			buildSettings = {
				ASSETCATALOG_COMPILER_APPICON_NAME = AppIcon;
				ASSETCATALOG_COMPILER_GLOBAL_ACCENT_COLOR_NAME = AccentColor;
				CODE_SIGN_STYLE = Automatic;
				CURRENT_PROJECT_VERSION = 1;
				GENERATE_INFOPLIST_FILE = YES;
				INFOPLIST_FILE = TodosTV1/Info.plist;
				INFOPLIST_KEY_UIApplicationSupportsIndirectInputEvents = YES;
				INFOPLIST_KEY_UILaunchStoryboardName = LaunchScreen;
				INFOPLIST_KEY_UIMainStoryboardFile = Main;
				INFOPLIST_KEY_UISupportedInterfaceOrientations_iPad = "UIInterfaceOrientationPortrait UIInterfaceOrientationPortraitUpsideDown UIInterfaceOrientationLandscapeLeft UIInterfaceOrientationLandscapeRight";
				INFOPLIST_KEY_UISupportedInterfaceOrientations_iPhone = "UIInterfaceOrientationPortrait UIInterfaceOrientationLandscapeLeft UIInterfaceOrientationLandscapeRight";
				LD_RUNPATH_SEARCH_PATHS = (
					"$(inherited)",
					"@executable_path/Frameworks",
				);
				MARKETING_VERSION = 1.0;
				PRODUCT_BUNDLE_IDENTIFIER = com.tvechorkofedora.TodosTV1;
				PRODUCT_NAME = "$(TARGET_NAME)";
				SWIFT_EMIT_LOC_STRINGS = YES;
				SWIFT_VERSION = 5.0;
				TARGETED_DEVICE_FAMILY = "1,2";
			};
			name = Release;
		};
/* End XCBuildConfiguration section */

/* Begin XCConfigurationList section */
		B861DF822BE39BD7007767CD /* Build configuration list for PBXProject "TodosTV1" */ = {
			isa = XCConfigurationList;
			buildConfigurations = (
				B861DF992BE39BD8007767CD /* Debug */,
				B861DF9A2BE39BD8007767CD /* Release */,
			);
			defaultConfigurationIsVisible = 0;
			defaultConfigurationName = Release;
		};
		B861DF9B2BE39BD8007767CD /* Build configuration list for PBXNativeTarget "TodosTV1" */ = {
			isa = XCConfigurationList;
			buildConfigurations = (
				B861DF9C2BE39BD8007767CD /* Debug */,
				B861DF9D2BE39BD8007767CD /* Release */,
			);
			defaultConfigurationIsVisible = 0;
			defaultConfigurationName = Release;
		};
/* End XCConfigurationList section */
	};
	rootObject = B861DF7F2BE39BD7007767CD /* Project object */;
}
